
Microsoft Visual Studio Solution File, Format Version 12.00
# Visual Studio Version 17
Project("{2150E333-8FDC-42A3-9474-1A3956D46DE8}") = "CMakePredefinedTargets", "CMakePredefinedTargets", "{39CF5B36-40B4-321B-B015-742453A460C5}"
EndProject
Project("{8BC9CEB8-8B4A-11D0-8D11-00A0C91BC942}") = "ALL_BUILD", "ALL_BUILD.vcxproj", "{0FBE340A-22E6-3953-A688-8D2EA9F66721}"
	ProjectSection(ProjectDependencies) = postProject
		{8AF24545-95D0-30E9-8D3A-E39BDB8A6B4E} = {8AF24545-95D0-30E9-8D3A-E39BDB8A6B4E}
		{8BC214E6-DADB-3F88-A080-5457385618C6} = {8BC214E6-DADB-3F88-A080-5457385618C6}
	EndProjectSection
EndProject
Project("{8BC9CEB8-8B4A-11D0-8D11-00A0C91BC942}") = "ZERO_CHECK", "..\\ZERO_CHECK.vcxproj", "{8AF24545-95D0-30E9-8D3A-E39BDB8A6B4E}"
	ProjectSection(ProjectDependencies) = postProject
	EndProjectSection
EndProject
Project("{8BC9CEB8-8B4A-11D0-8D11-00A0C91BC942}") = "doc", "doc.vcxproj", "{EC47E69E-DAB7-3AE9-945F-B3B2D193E813}"
	ProjectSection(ProjectDependencies) = postProject
		{8AF24545-95D0-30E9-8D3A-E39BDB8A6B4E} = {8AF24545-95D0-30E9-8D3A-E39BDB8A6B4E}
		{8BC214E6-DADB-3F88-A080-5457385618C6} = {8BC214E6-DADB-3F88-A080-5457385618C6}
	EndProjectSection
EndProject
Project("{8BC9CEB8-8B4A-11D0-8D11-00A0C91BC942}") = "manpages", "manpages.vcxproj", "{8BC214E6-DADB-3F88-A080-5457385618C6}"
	ProjectSection(ProjectDependencies) = postProject
		{8AF24545-95D0-30E9-8D3A-E39BDB8A6B4E} = {8AF24545-95D0-30E9-8D3A-E39BDB8A6B4E}
	EndProjectSection
EndProject
Global
	GlobalSection(SolutionConfigurationPlatforms) = preSolution
		Debug|x64 = Debug|x64
		Release|x64 = Release|x64
		MinSizeRel|x64 = MinSizeRel|x64
		RelWithDebInfo|x64 = RelWithDebInfo|x64
	EndGlobalSection
	GlobalSection(ProjectConfigurationPlatforms) = postSolution
		{0FBE340A-22E6-3953-A688-8D2EA9F66721}.Debug|x64.ActiveCfg = Debug|x64
		{0FBE340A-22E6-3953-A688-8D2EA9F66721}.Release|x64.ActiveCfg = Release|x64
		{0FBE340A-22E6-3953-A688-8D2EA9F66721}.MinSizeRel|x64.ActiveCfg = MinSizeRel|x64
		{0FBE340A-22E6-3953-A688-8D2EA9F66721}.RelWithDebInfo|x64.ActiveCfg = RelWithDebInfo|x64
		{8AF24545-95D0-30E9-8D3A-E39BDB8A6B4E}.Debug|x64.ActiveCfg = Debug|x64
		{8AF24545-95D0-30E9-8D3A-E39BDB8A6B4E}.Debug|x64.Build.0 = Debug|x64
		{8AF24545-95D0-30E9-8D3A-E39BDB8A6B4E}.Release|x64.ActiveCfg = Release|x64
		{8AF24545-95D0-30E9-8D3A-E39BDB8A6B4E}.Release|x64.Build.0 = Release|x64
		{8AF24545-95D0-30E9-8D3A-E39BDB8A6B4E}.MinSizeRel|x64.ActiveCfg = MinSizeRel|x64
		{8AF24545-95D0-30E9-8D3A-E39BDB8A6B4E}.MinSizeRel|x64.Build.0 = MinSizeRel|x64
		{8AF24545-95D0-30E9-8D3A-E39BDB8A6B4E}.RelWithDebInfo|x64.ActiveCfg = RelWithDebInfo|x64
		{8AF24545-95D0-30E9-8D3A-E39BDB8A6B4E}.RelWithDebInfo|x64.Build.0 = RelWithDebInfo|x64
		{EC47E69E-DAB7-3AE9-945F-B3B2D193E813}.Debug|x64.ActiveCfg = Debug|x64
		{EC47E69E-DAB7-3AE9-945F-B3B2D193E813}.Release|x64.ActiveCfg = Release|x64
		{EC47E69E-DAB7-3AE9-945F-B3B2D193E813}.MinSizeRel|x64.ActiveCfg = MinSizeRel|x64
		{EC47E69E-DAB7-3AE9-945F-B3B2D193E813}.RelWithDebInfo|x64.ActiveCfg = RelWithDebInfo|x64
		{8BC214E6-DADB-3F88-A080-5457385618C6}.Debug|x64.ActiveCfg = Debug|x64
		{8BC214E6-DADB-3F88-A080-5457385618C6}.Debug|x64.Build.0 = Debug|x64
		{8BC214E6-DADB-3F88-A080-5457385618C6}.Release|x64.ActiveCfg = Release|x64
		{8BC214E6-DADB-3F88-A080-5457385618C6}.Release|x64.Build.0 = Release|x64
		{8BC214E6-DADB-3F88-A080-5457385618C6}.MinSizeRel|x64.ActiveCfg = MinSizeRel|x64
		{8BC214E6-DADB-3F88-A080-5457385618C6}.MinSizeRel|x64.Build.0 = MinSizeRel|x64
		{8BC214E6-DADB-3F88-A080-5457385618C6}.RelWithDebInfo|x64.ActiveCfg = RelWithDebInfo|x64
		{8BC214E6-DADB-3F88-A080-5457385618C6}.RelWithDebInfo|x64.Build.0 = RelWithDebInfo|x64
	EndGlobalSection
	GlobalSection(NestedProjects) = preSolution
		{0FBE340A-22E6-3953-A688-8D2EA9F66721} = {39CF5B36-40B4-321B-B015-742453A460C5}
		{8AF24545-95D0-30E9-8D3A-E39BDB8A6B4E} = {39CF5B36-40B4-321B-B015-742453A460C5}
	EndGlobalSection
	GlobalSection(ExtensibilityGlobals) = postSolution
		SolutionGuid = {36101C9B-9B85-3228-A5EA-8CB1D8E4C575}
	EndGlobalSection
	GlobalSection(ExtensibilityAddIns) = postSolution
	EndGlobalSection
EndGlobal
